// !$*UTF8*$!
{
	archiveVersion = 1;
	classes = {
	};
	objectVersion = 46;
	objects = {

/* Begin PBXBuildFile section */
		A0A7E78A178F319700A1D5E1 /* main.cpp in Sources */ = {isa = PBXBuildFile; fileRef = A0A7E789178F319700A1D5E1 /* main.cpp */; };
		A0A7E78C178F319700A1D5E1 /* LocalLibrary.cpp in Sources */ = {isa = PBXBuildFile; fileRef = A0A7E78B178F319700A1D5E1 /* LocalLibrary.cpp */; };
		A0A7E78F178F319700A1D5E1 /* Makefile in Sources */ = {isa = PBXBuildFile; fileRef = A0A7E78E178F319700A1D5E1 /* Makefile */; };
		A0A7E7F2178F3AA100A1D5E1 /* mpguino_edu.ino in Sources */ = {isa = PBXBuildFile; fileRef = A0A7E7CE178F319800A1D5E1 /* mpguino_edu.ino */; };
/* End PBXBuildFile section */

/* Begin PBXFileReference section */
		A0A7E786178F319700A1D5E1 /* Index */ = {isa = PBXFileReference; explicitFileType = "compiled.mach-o.executable"; includeInIndex = 0; path = Index; sourceTree = BUILT_PRODUCTS_DIR; };
		A0A7E789178F319700A1D5E1 /* main.cpp */ = {isa = PBXFileReference; lastKnownFileType = sourcecode.cpp.cpp; path = main.cpp; sourceTree = "<group>"; };
		A0A7E78B178F319700A1D5E1 /* LocalLibrary.cpp */ = {isa = PBXFileReference; lastKnownFileType = sourcecode.cpp.cpp; path = LocalLibrary.cpp; sourceTree = "<group>"; };
		A0A7E78D178F319700A1D5E1 /* LocalLibrary.h */ = {isa = PBXFileReference; lastKnownFileType = sourcecode.c.h; path = LocalLibrary.h; sourceTree = "<group>"; };
		A0A7E78E178F319700A1D5E1 /* Makefile */ = {isa = PBXFileReference; lastKnownFileType = sourcecode.make; path = Makefile; sourceTree = "<group>"; };
		A0A7E791178F319700A1D5E1 /* Sketchbook.txt */ = {isa = PBXFileReference; lastKnownFileType = text; name = Sketchbook.txt; path = Sketchbook/Sketchbook.txt; sourceTree = "<group>"; };
		A0A7E793178F319700A1D5E1 /* Arduino mega2560.xcconfig */ = {isa = PBXFileReference; lastKnownFileType = text.xcconfig; name = "Arduino mega2560.xcconfig"; path = "Configurations/Arduino mega2560.xcconfig"; sourceTree = "<group>"; };
		A0A7E794178F319700A1D5E1 /* Arduino Duemilanove.xcconfig */ = {isa = PBXFileReference; lastKnownFileType = text.xcconfig; name = "Arduino Duemilanove.xcconfig"; path = "Configurations/Arduino Duemilanove.xcconfig"; sourceTree = "<group>"; };
		A0A7E795178F319700A1D5E1 /* Arduino mini pro.xcconfig */ = {isa = PBXFileReference; lastKnownFileType = text.xcconfig; name = "Arduino mini pro.xcconfig"; path = "Configurations/Arduino mini pro.xcconfig"; sourceTree = "<group>"; };
		A0A7E796178F319700A1D5E1 /* Arduino Robot Control.xcconfig */ = {isa = PBXFileReference; lastKnownFileType = text.xcconfig; name = "Arduino Robot Control.xcconfig"; path = "Configurations/Arduino Robot Control.xcconfig"; sourceTree = "<group>"; };
		A0A7E797178F319700A1D5E1 /* Arduino Robot Motor.xcconfig */ = {isa = PBXFileReference; lastKnownFileType = text.xcconfig; name = "Arduino Robot Motor.xcconfig"; path = "Configurations/Arduino Robot Motor.xcconfig"; sourceTree = "<group>"; };
		A0A7E798178F319700A1D5E1 /* Arduino Uno.xcconfig */ = {isa = PBXFileReference; lastKnownFileType = text.xcconfig; name = "Arduino Uno.xcconfig"; path = "Configurations/Arduino Uno.xcconfig"; sourceTree = "<group>"; };
		A0A7E799178F319700A1D5E1 /* Arduino Leonardo.xcconfig */ = {isa = PBXFileReference; lastKnownFileType = text.xcconfig; name = "Arduino Leonardo.xcconfig"; path = "Configurations/Arduino Leonardo.xcconfig"; sourceTree = "<group>"; };
		A0A7E79A178F319700A1D5E1 /* chipKIT Uno32.xcconfig */ = {isa = PBXFileReference; lastKnownFileType = text.xcconfig; name = "chipKIT Uno32.xcconfig"; path = "Configurations/chipKIT Uno32.xcconfig"; sourceTree = "<group>"; };
		A0A7E79B178F319700A1D5E1 /* chipKIT Max32.xcconfig */ = {isa = PBXFileReference; lastKnownFileType = text.xcconfig; name = "chipKIT Max32.xcconfig"; path = "Configurations/chipKIT Max32.xcconfig"; sourceTree = "<group>"; };
		A0A7E79C178F319700A1D5E1 /* chipKIT uC32.xcconfig */ = {isa = PBXFileReference; lastKnownFileType = text.xcconfig; name = "chipKIT uC32.xcconfig"; path = "Configurations/chipKIT uC32.xcconfig"; sourceTree = "<group>"; };
		A0A7E79D178F319700A1D5E1 /* Digispark Tiny Core.xcconfig */ = {isa = PBXFileReference; lastKnownFileType = text.xcconfig; name = "Digispark Tiny Core.xcconfig"; path = "Configurations/Digispark Tiny Core.xcconfig"; sourceTree = "<group>"; };
		A0A7E79E178F319700A1D5E1 /* LaunchPad with msp430g2553.xcconfig */ = {isa = PBXFileReference; lastKnownFileType = text.xcconfig; name = "LaunchPad with msp430g2553.xcconfig"; path = "Configurations/LaunchPad with msp430g2553.xcconfig"; sourceTree = "<group>"; };
		A0A7E79F178F319700A1D5E1 /* LaunchPad with msp430g2231.xcconfig */ = {isa = PBXFileReference; lastKnownFileType = text.xcconfig; name = "LaunchPad with msp430g2231.xcconfig"; path = "Configurations/LaunchPad with msp430g2231.xcconfig"; sourceTree = "<group>"; };
		A0A7E7A0178F319700A1D5E1 /* LaunchPad with msp430g2452.xcconfig */ = {isa = PBXFileReference; lastKnownFileType = text.xcconfig; name = "LaunchPad with msp430g2452.xcconfig"; path = "Configurations/LaunchPad with msp430g2452.xcconfig"; sourceTree = "<group>"; };
		A0A7E7A1178F319700A1D5E1 /* FraunchPad with MSP430FR5739.xcconfig */ = {isa = PBXFileReference; lastKnownFileType = text.xcconfig; name = "FraunchPad with MSP430FR5739.xcconfig"; path = "Configurations/FraunchPad with MSP430FR5739.xcconfig"; sourceTree = "<group>"; };
		A0A7E7A2178F319700A1D5E1 /* Maple Flash (revision 3+).xcconfig */ = {isa = PBXFileReference; lastKnownFileType = text.xcconfig; name = "Maple Flash (revision 3+).xcconfig"; path = "Configurations/Maple Flash (revision 3+).xcconfig"; sourceTree = "<group>"; };
		A0A7E7A3178F319700A1D5E1 /* Sparkfun Uno.xcconfig */ = {isa = PBXFileReference; lastKnownFileType = text.xcconfig; name = "Sparkfun Uno.xcconfig"; path = "Configurations/Sparkfun Uno.xcconfig"; sourceTree = "<group>"; };
		A0A7E7A4178F319700A1D5E1 /* StellarPad with LM4F120H5QR.xcconfig */ = {isa = PBXFileReference; lastKnownFileType = text.xcconfig; name = "StellarPad with LM4F120H5QR.xcconfig"; path = "Configurations/StellarPad with LM4F120H5QR.xcconfig"; sourceTree = "<group>"; };
		A0A7E7A5178F319700A1D5E1 /* Arduino Due.xcconfig */ = {isa = PBXFileReference; lastKnownFileType = text.xcconfig; name = "Arduino Due.xcconfig"; path = "Configurations/Arduino Due.xcconfig"; sourceTree = "<group>"; };
		A0A7E7A6178F319700A1D5E1 /* Teensy 2.0.xcconfig */ = {isa = PBXFileReference; lastKnownFileType = text.xcconfig; name = "Teensy 2.0.xcconfig"; path = "Configurations/Teensy 2.0.xcconfig"; sourceTree = "<group>"; };
		A0A7E7A7178F319700A1D5E1 /* Teensy 3.0.xcconfig */ = {isa = PBXFileReference; lastKnownFileType = text.xcconfig; name = "Teensy 3.0.xcconfig"; path = "Configurations/Teensy 3.0.xcconfig"; sourceTree = "<group>"; };
		A0A7E7A8178F319700A1D5E1 /* Wiring S.xcconfig */ = {isa = PBXFileReference; lastKnownFileType = text.xcconfig; name = "Wiring S.xcconfig"; path = "Configurations/Wiring S.xcconfig"; sourceTree = "<group>"; };
		A0A7E7AA178F319700A1D5E1 /* Arduino.mk */ = {isa = PBXFileReference; lastKnownFileType = text; name = Arduino.mk; path = Makefiles/Arduino.mk; sourceTree = "<group>"; };
		A0A7E7AB178F319700A1D5E1 /* Arduino1.mk */ = {isa = PBXFileReference; lastKnownFileType = text; name = Arduino1.mk; path = Makefiles/Arduino1.mk; sourceTree = "<group>"; };
		A0A7E7AC178F319700A1D5E1 /* Arduino15avr.mk */ = {isa = PBXFileReference; lastKnownFileType = text; name = Arduino15avr.mk; path = Makefiles/Arduino15avr.mk; sourceTree = "<group>"; };
		A0A7E7AD178F319700A1D5E1 /* Arduino15sam.mk */ = {isa = PBXFileReference; lastKnownFileType = text; name = Arduino15sam.mk; path = Makefiles/Arduino15sam.mk; sourceTree = "<group>"; };
		A0A7E7AE178F319700A1D5E1 /* Arduino23.mk */ = {isa = PBXFileReference; lastKnownFileType = text; name = Arduino23.mk; path = Makefiles/Arduino23.mk; sourceTree = "<group>"; };
		A0A7E7AF178F319700A1D5E1 /* Digispark.mk */ = {isa = PBXFileReference; lastKnownFileType = text; name = Digispark.mk; path = Makefiles/Digispark.mk; sourceTree = "<group>"; };
		A0A7E7B0178F319700A1D5E1 /* Energia430.mk */ = {isa = PBXFileReference; lastKnownFileType = text; name = Energia430.mk; path = Makefiles/Energia430.mk; sourceTree = "<group>"; };
		A0A7E7B1178F319700A1D5E1 /* EnergiaLM4F.mk */ = {isa = PBXFileReference; lastKnownFileType = text; name = EnergiaLM4F.mk; path = Makefiles/EnergiaLM4F.mk; sourceTree = "<group>"; };
		A0A7E7B2178F319700A1D5E1 /* MapleIDE.mk */ = {isa = PBXFileReference; lastKnownFileType = text; name = MapleIDE.mk; path = Makefiles/MapleIDE.mk; sourceTree = "<group>"; };
		A0A7E7B3178F319700A1D5E1 /* Mpide.mk */ = {isa = PBXFileReference; lastKnownFileType = text; name = Mpide.mk; path = Makefiles/Mpide.mk; sourceTree = "<group>"; };
		A0A7E7B4178F319700A1D5E1 /* Wiring.mk */ = {isa = PBXFileReference; lastKnownFileType = text; name = Wiring.mk; path = Makefiles/Wiring.mk; sourceTree = "<group>"; };
		A0A7E7B5178F319700A1D5E1 /* Step1.mk */ = {isa = PBXFileReference; lastKnownFileType = text; name = Step1.mk; path = Makefiles/Step1.mk; sourceTree = "<group>"; };
		A0A7E7B6178F319700A1D5E1 /* Step2.mk */ = {isa = PBXFileReference; lastKnownFileType = text; name = Step2.mk; path = Makefiles/Step2.mk; sourceTree = "<group>"; };
		A0A7E7B7178F319700A1D5E1 /* Teensy.mk */ = {isa = PBXFileReference; lastKnownFileType = text; name = Teensy.mk; path = Makefiles/Teensy.mk; sourceTree = "<group>"; };
		A0A7E7B8178F319700A1D5E1 /* Teensy2.mk */ = {isa = PBXFileReference; lastKnownFileType = text; name = Teensy2.mk; path = Makefiles/Teensy2.mk; sourceTree = "<group>"; };
		A0A7E7B9178F319700A1D5E1 /* Teensy3.mk */ = {isa = PBXFileReference; lastKnownFileType = text; name = Teensy3.mk; path = Makefiles/Teensy3.mk; sourceTree = "<group>"; };
		A0A7E7BA178F319700A1D5E1 /* Avrdude.mk */ = {isa = PBXFileReference; lastKnownFileType = text; name = Avrdude.mk; path = Makefiles/Avrdude.mk; sourceTree = "<group>"; };
		A0A7E7BB178F319700A1D5E1 /* Doxygen.mk */ = {isa = PBXFileReference; lastKnownFileType = text; name = Doxygen.mk; path = Makefiles/Doxygen.mk; sourceTree = "<group>"; };
		A0A7E7BC178F319700A1D5E1 /* ReadMe.txt */ = {isa = PBXFileReference; lastKnownFileType = text; path = ReadMe.txt; sourceTree = "<group>"; };
		A0A7E7BE178F319700A1D5E1 /* About.txt */ = {isa = PBXFileReference; lastKnownFileType = text; name = About.txt; path = About/About.txt; sourceTree = "<group>"; };
		A0A7E7BF178F319700A1D5E1 /* README.txt */ = {isa = PBXFileReference; lastKnownFileType = text; name = README.txt; path = About/README.txt; sourceTree = "<group>"; };
		A0A7E7C0178F319700A1D5E1 /* Licence CC BY-NC-SA.txt */ = {isa = PBXFileReference; lastKnownFileType = text; name = "Licence CC BY-NC-SA.txt"; path = "About/Licence CC BY-NC-SA.txt"; sourceTree = "<group>"; };
		A0A7E7C1178F319700A1D5E1 /* Licence GNU LGPL.txt */ = {isa = PBXFileReference; lastKnownFileType = text; name = "Licence GNU LGPL.txt"; path = "About/Licence GNU LGPL.txt"; sourceTree = "<group>"; };
		A0A7E7C2178F319700A1D5E1 /* README_mjo_tc.txt */ = {isa = PBXFileReference; lastKnownFileType = text; name = README_mjo_tc.txt; path = About/README_mjo_tc.txt; sourceTree = "<group>"; };
		A0A7E7C3178F319700A1D5E1 /* README_peplin.txt */ = {isa = PBXFileReference; lastKnownFileType = text; name = README_peplin.txt; path = About/README_peplin.txt; sourceTree = "<group>"; };
		A0A7E7C4178F319700A1D5E1 /* References.txt */ = {isa = PBXFileReference; lastKnownFileType = text; name = References.txt; path = About/References.txt; sourceTree = "<group>"; };
		A0A7E7C6178F319700A1D5E1 /* reset.py */ = {isa = PBXFileReference; lastKnownFileType = text.script.python; name = reset.py; path = Utilities/reset.py; sourceTree = "<group>"; };
		A0A7E7C7178F319700A1D5E1 /* serial1200.py */ = {isa = PBXFileReference; lastKnownFileType = text.script.python; name = serial1200.py; path = Utilities/serial1200.py; sourceTree = "<group>"; };
		A0A7E7C8178F319700A1D5E1 /* pdf.sh */ = {isa = PBXFileReference; lastKnownFileType = text.script.sh; name = pdf.sh; path = Utilities/pdf.sh; sourceTree = "<group>"; };
		A0A7E7C9178F319800A1D5E1 /* dist.sh */ = {isa = PBXFileReference; lastKnownFileType = text.script.sh; name = dist.sh; path = Utilities/dist.sh; sourceTree = "<group>"; };
		A0A7E7CA178F319800A1D5E1 /* doxyfile */ = {isa = PBXFileReference; lastKnownFileType = text; name = doxyfile; path = Utilities/doxyfile; sourceTree = "<group>"; };
		A0A7E7CB178F319800A1D5E1 /* embedXcode_prepare */ = {isa = PBXFileReference; lastKnownFileType = "compiled.mach-o.executable"; name = embedXcode_prepare; path = Utilities/embedXcode_prepare; sourceTree = "<group>"; };
		A0A7E7CC178F319800A1D5E1 /* embedXcode_chrono */ = {isa = PBXFileReference; lastKnownFileType = "compiled.mach-o.executable"; name = embedXcode_chrono; path = Utilities/embedXcode_chrono; sourceTree = "<group>"; };
		A0A7E7CD178F319800A1D5E1 /* TemplateIcon.icns */ = {isa = PBXFileReference; lastKnownFileType = image.icns; name = TemplateIcon.icns; path = Utilities/TemplateIcon.icns; sourceTree = "<group>"; };
		A0A7E7CE178F319800A1D5E1 /* mpguino_edu.ino */ = {isa = PBXFileReference; explicitFileType = sourcecode.cpp.objcpp; path = mpguino_edu.ino; sourceTree = "<group>"; xcLanguageSpecificationIdentifier = xcode.lang.cpp; };
/* End PBXFileReference section */

/* Begin PBXGroup section */
		A0A7E775178F319700A1D5E1 = {
			isa = PBXGroup;
			children = (
				A0A7E788178F319700A1D5E1 /* mpguino_edu */,
				A0A7E787178F319700A1D5E1 /* Products */,
			);
			sourceTree = "<group>";
		};
		A0A7E787178F319700A1D5E1 /* Products */ = {
			isa = PBXGroup;
			children = (
				A0A7E786178F319700A1D5E1 /* Index */,
			);
			name = Products;
			sourceTree = "<group>";
		};
		A0A7E788178F319700A1D5E1 /* mpguino_edu */ = {
			isa = PBXGroup;
			children = (
				A0A7E789178F319700A1D5E1 /* main.cpp */,
				A0A7E78B178F319700A1D5E1 /* LocalLibrary.cpp */,
				A0A7E78D178F319700A1D5E1 /* LocalLibrary.h */,
				A0A7E78E178F319700A1D5E1 /* Makefile */,
				A0A7E7BC178F319700A1D5E1 /* ReadMe.txt */,
				A0A7E7CE178F319800A1D5E1 /* mpguino_edu.ino */,
				A0A7E790178F319700A1D5E1 /* Sketchbook */,
				A0A7E792178F319700A1D5E1 /* Configurations */,
				A0A7E7A9178F319700A1D5E1 /* Makefiles */,
				A0A7E7BD178F319700A1D5E1 /* About */,
				A0A7E7C5178F319700A1D5E1 /* Utilities */,
			);
			path = mpguino_edu;
			sourceTree = "<group>";
		};
		A0A7E790178F319700A1D5E1 /* Sketchbook */ = {
			isa = PBXGroup;
			children = (
				A0A7E791178F319700A1D5E1 /* Sketchbook.txt */,
			);
			name = Sketchbook;
			sourceTree = "<group>";
		};
		A0A7E792178F319700A1D5E1 /* Configurations */ = {
			isa = PBXGroup;
			children = (
				A0A7E793178F319700A1D5E1 /* Arduino mega2560.xcconfig */,
				A0A7E794178F319700A1D5E1 /* Arduino Duemilanove.xcconfig */,
				A0A7E795178F319700A1D5E1 /* Arduino mini pro.xcconfig */,
				A0A7E796178F319700A1D5E1 /* Arduino Robot Control.xcconfig */,
				A0A7E797178F319700A1D5E1 /* Arduino Robot Motor.xcconfig */,
				A0A7E798178F319700A1D5E1 /* Arduino Uno.xcconfig */,
				A0A7E799178F319700A1D5E1 /* Arduino Leonardo.xcconfig */,
				A0A7E79A178F319700A1D5E1 /* chipKIT Uno32.xcconfig */,
				A0A7E79B178F319700A1D5E1 /* chipKIT Max32.xcconfig */,
				A0A7E79C178F319700A1D5E1 /* chipKIT uC32.xcconfig */,
				A0A7E79D178F319700A1D5E1 /* Digispark Tiny Core.xcconfig */,
				A0A7E79E178F319700A1D5E1 /* LaunchPad with msp430g2553.xcconfig */,
				A0A7E79F178F319700A1D5E1 /* LaunchPad with msp430g2231.xcconfig */,
				A0A7E7A0178F319700A1D5E1 /* LaunchPad with msp430g2452.xcconfig */,
				A0A7E7A1178F319700A1D5E1 /* FraunchPad with MSP430FR5739.xcconfig */,
				A0A7E7A2178F319700A1D5E1 /* Maple Flash (revision 3+).xcconfig */,
				A0A7E7A3178F319700A1D5E1 /* Sparkfun Uno.xcconfig */,
				A0A7E7A4178F319700A1D5E1 /* StellarPad with LM4F120H5QR.xcconfig */,
				A0A7E7A5178F319700A1D5E1 /* Arduino Due.xcconfig */,
				A0A7E7A6178F319700A1D5E1 /* Teensy 2.0.xcconfig */,
				A0A7E7A7178F319700A1D5E1 /* Teensy 3.0.xcconfig */,
				A0A7E7A8178F319700A1D5E1 /* Wiring S.xcconfig */,
			);
			name = Configurations;
			sourceTree = "<group>";
		};
		A0A7E7A9178F319700A1D5E1 /* Makefiles */ = {
			isa = PBXGroup;
			children = (
				A0A7E7AA178F319700A1D5E1 /* Arduino.mk */,
				A0A7E7AB178F319700A1D5E1 /* Arduino1.mk */,
				A0A7E7AC178F319700A1D5E1 /* Arduino15avr.mk */,
				A0A7E7AD178F319700A1D5E1 /* Arduino15sam.mk */,
				A0A7E7AE178F319700A1D5E1 /* Arduino23.mk */,
				A0A7E7AF178F319700A1D5E1 /* Digispark.mk */,
				A0A7E7B0178F319700A1D5E1 /* Energia430.mk */,
				A0A7E7B1178F319700A1D5E1 /* EnergiaLM4F.mk */,
				A0A7E7B2178F319700A1D5E1 /* MapleIDE.mk */,
				A0A7E7B3178F319700A1D5E1 /* Mpide.mk */,
				A0A7E7B4178F319700A1D5E1 /* Wiring.mk */,
				A0A7E7B5178F319700A1D5E1 /* Step1.mk */,
				A0A7E7B6178F319700A1D5E1 /* Step2.mk */,
				A0A7E7B7178F319700A1D5E1 /* Teensy.mk */,
				A0A7E7B8178F319700A1D5E1 /* Teensy2.mk */,
				A0A7E7B9178F319700A1D5E1 /* Teensy3.mk */,
				A0A7E7BA178F319700A1D5E1 /* Avrdude.mk */,
				A0A7E7BB178F319700A1D5E1 /* Doxygen.mk */,
			);
			name = Makefiles;
			sourceTree = "<group>";
		};
		A0A7E7BD178F319700A1D5E1 /* About */ = {
			isa = PBXGroup;
			children = (
				A0A7E7BE178F319700A1D5E1 /* About.txt */,
				A0A7E7BF178F319700A1D5E1 /* README.txt */,
				A0A7E7C0178F319700A1D5E1 /* Licence CC BY-NC-SA.txt */,
				A0A7E7C1178F319700A1D5E1 /* Licence GNU LGPL.txt */,
				A0A7E7C2178F319700A1D5E1 /* README_mjo_tc.txt */,
				A0A7E7C3178F319700A1D5E1 /* README_peplin.txt */,
				A0A7E7C4178F319700A1D5E1 /* References.txt */,
			);
			name = About;
			sourceTree = "<group>";
		};
		A0A7E7C5178F319700A1D5E1 /* Utilities */ = {
			isa = PBXGroup;
			children = (
				A0A7E7C6178F319700A1D5E1 /* reset.py */,
				A0A7E7C7178F319700A1D5E1 /* serial1200.py */,
				A0A7E7C8178F319700A1D5E1 /* pdf.sh */,
				A0A7E7C9178F319800A1D5E1 /* dist.sh */,
				A0A7E7CA178F319800A1D5E1 /* doxyfile */,
				A0A7E7CB178F319800A1D5E1 /* embedXcode_prepare */,
				A0A7E7CC178F319800A1D5E1 /* embedXcode_chrono */,
				A0A7E7CD178F319800A1D5E1 /* TemplateIcon.icns */,
			);
			name = Utilities;
			sourceTree = "<group>";
		};
/* End PBXGroup section */

/* Begin PBXLegacyTarget section */
		A0A7E77A178F319700A1D5E1 /* All */ = {
			isa = PBXLegacyTarget;
			buildArgumentsString = "all -C \"$(PROJECT)\"";
			buildConfigurationList = A0A7E7D1178F319800A1D5E1 /* Build configuration list for PBXLegacyTarget "All" */;
			buildPhases = (
			);
			buildToolPath = make;
			dependencies = (
			);
			name = All;
			passBuildSettingsInEnvironment = 1;
			productName = All;
		};
		A0A7E77B178F319700A1D5E1 /* Build */ = {
			isa = PBXLegacyTarget;
			buildArgumentsString = "build -C \"$(PROJECT)\"";
			buildConfigurationList = A0A7E7D4178F319800A1D5E1 /* Build configuration list for PBXLegacyTarget "Build" */;
			buildPhases = (
			);
			buildToolPath = make;
			dependencies = (
			);
			name = Build;
			passBuildSettingsInEnvironment = 1;
			productName = Build;
		};
		A0A7E77C178F319700A1D5E1 /* Document */ = {
			isa = PBXLegacyTarget;
			buildArgumentsString = "document -C \"$(PROJECT)\"";
			buildConfigurationList = A0A7E7D7178F319800A1D5E1 /* Build configuration list for PBXLegacyTarget "Document" */;
			buildPhases = (
			);
			buildToolPath = make;
			dependencies = (
			);
			name = Document;
			passBuildSettingsInEnvironment = 1;
			productName = Document;
		};
		A0A7E77D178F319700A1D5E1 /* Distribute */ = {
			isa = PBXLegacyTarget;
			buildArgumentsString = "distribute -C \"$(PROJECT)\"";
			buildConfigurationList = A0A7E7DA178F319800A1D5E1 /* Build configuration list for PBXLegacyTarget "Distribute" */;
			buildPhases = (
			);
			buildToolPath = make;
			dependencies = (
			);
			name = Distribute;
			passBuildSettingsInEnvironment = 1;
			productName = Distribute;
		};
		A0A7E77E178F319700A1D5E1 /* Boards */ = {
			isa = PBXLegacyTarget;
			buildArgumentsString = "boards -C \"$(PROJECT)\"";
			buildConfigurationList = A0A7E7DD178F319800A1D5E1 /* Build configuration list for PBXLegacyTarget "Boards" */;
			buildPhases = (
			);
			buildToolPath = make;
			dependencies = (
			);
			name = Boards;
			passBuildSettingsInEnvironment = 1;
			productName = Boards;
		};
		A0A7E77F178F319700A1D5E1 /* Serial */ = {
			isa = PBXLegacyTarget;
			buildArgumentsString = "serial -C \"$(PROJECT)\"";
			buildConfigurationList = A0A7E7E0178F319800A1D5E1 /* Build configuration list for PBXLegacyTarget "Serial" */;
			buildPhases = (
			);
			buildToolPath = make;
			dependencies = (
			);
			name = Serial;
			passBuildSettingsInEnvironment = 1;
			productName = Serial;
		};
		A0A7E780178F319700A1D5E1 /* Upload */ = {
			isa = PBXLegacyTarget;
			buildArgumentsString = "upload -C \"$(PROJECT)\"";
			buildConfigurationList = A0A7E7E3178F319800A1D5E1 /* Build configuration list for PBXLegacyTarget "Upload" */;
			buildPhases = (
			);
			buildToolPath = make;
			dependencies = (
			);
			name = Upload;
			passBuildSettingsInEnvironment = 1;
			productName = Upload;
		};
		A0A7E781178F319700A1D5E1 /* Clean */ = {
			isa = PBXLegacyTarget;
			buildArgumentsString = "clean -C \"$(PROJECT)\"";
			buildConfigurationList = A0A7E7E6178F319800A1D5E1 /* Build configuration list for PBXLegacyTarget "Clean" */;
			buildPhases = (
			);
			buildToolPath = make;
			dependencies = (
			);
			name = Clean;
			passBuildSettingsInEnvironment = 1;
			productName = Clean;
		};
		A0A7E782178F319700A1D5E1 /* Make */ = {
			isa = PBXLegacyTarget;
			buildArgumentsString = "make -C \"$(PROJECT)\"";
			buildConfigurationList = A0A7E7E9178F319800A1D5E1 /* Build configuration list for PBXLegacyTarget "Make" */;
			buildPhases = (
			);
			buildToolPath = make;
			dependencies = (
			);
			name = Make;
			passBuildSettingsInEnvironment = 1;
			productName = Make;
		};
		A0A7E783178F319700A1D5E1 /* Fast */ = {
			isa = PBXLegacyTarget;
			buildArgumentsString = "fast -C \"$(PROJECT)\"";
			buildConfigurationList = A0A7E7EC178F319800A1D5E1 /* Build configuration list for PBXLegacyTarget "Fast" */;
			buildPhases = (
			);
			buildToolPath = make;
			dependencies = (
			);
			name = Fast;
			passBuildSettingsInEnvironment = 1;
			productName = Fast;
		};
/* End PBXLegacyTarget section */

/* Begin PBXNativeTarget section */
		A0A7E785178F319700A1D5E1 /* Index */ = {
			isa = PBXNativeTarget;
			buildConfigurationList = A0A7E7EF178F319800A1D5E1 /* Build configuration list for PBXNativeTarget "Index" */;
			buildPhases = (
				A0A7E784178F319700A1D5E1 /* Sources */,
			);
			buildRules = (
			);
			dependencies = (
			);
			name = Index;
			productName = Index;
			productReference = A0A7E786178F319700A1D5E1 /* Index */;
			productType = "com.apple.product-type.tool";
		};
/* End PBXNativeTarget section */

/* Begin PBXProject section */
		A0A7E776178F319700A1D5E1 /* Project object */ = {
			isa = PBXProject;
			attributes = {
				LastUpgradeCheck = 0460;
				ORGANIZATIONNAME = "Eduardo Rocha Costa";
			};
			buildConfigurationList = A0A7E779178F319700A1D5E1 /* Build configuration list for PBXProject "mpguino_edu" */;
			compatibilityVersion = "Xcode 3.2";
			developmentRegion = English;
			hasScannedForEncodings = 0;
			knownRegions = (
				en,
			);
			mainGroup = A0A7E775178F319700A1D5E1;
			productRefGroup = A0A7E787178F319700A1D5E1 /* Products */;
			projectDirPath = "";
			projectRoot = "";
			targets = (
				A0A7E77A178F319700A1D5E1 /* All */,
				A0A7E77B178F319700A1D5E1 /* Build */,
				A0A7E77C178F319700A1D5E1 /* Document */,
				A0A7E77D178F319700A1D5E1 /* Distribute */,
				A0A7E77E178F319700A1D5E1 /* Boards */,
				A0A7E77F178F319700A1D5E1 /* Serial */,
				A0A7E780178F319700A1D5E1 /* Upload */,
				A0A7E781178F319700A1D5E1 /* Clean */,
				A0A7E782178F319700A1D5E1 /* Make */,
				A0A7E783178F319700A1D5E1 /* Fast */,
				A0A7E785178F319700A1D5E1 /* Index */,
			);
		};
/* End PBXProject section */

/* Begin PBXSourcesBuildPhase section */
		A0A7E784178F319700A1D5E1 /* Sources */ = {
			isa = PBXSourcesBuildPhase;
			buildActionMask = 2147483647;
			files = (
				A0A7E7F2178F3AA100A1D5E1 /* mpguino_edu.ino in Sources */,
				A0A7E78A178F319700A1D5E1 /* main.cpp in Sources */,
				A0A7E78C178F319700A1D5E1 /* LocalLibrary.cpp in Sources */,
				A0A7E78F178F319700A1D5E1 /* Makefile in Sources */,
			);
			runOnlyForDeploymentPostprocessing = 0;
		};
/* End PBXSourcesBuildPhase section */

/* Begin XCBuildConfiguration section */
		A0A7E7CF178F319800A1D5E1 /* Debug */ = {
			isa = XCBuildConfiguration;
			baseConfigurationReference = A0A7E794178F319700A1D5E1 /* Arduino Duemilanove.xcconfig */;
			buildSettings = {
				ALWAYS_SEARCH_USER_PATHS = NO;
				CLANG_CXX_LANGUAGE_STANDARD = "gnu++0x";
				CLANG_CXX_LIBRARY = "libc++";
				CLANG_WARN_CONSTANT_CONVERSION = YES;
				CLANG_WARN_EMPTY_BODY = YES;
				CLANG_WARN_ENUM_CONVERSION = YES;
				CLANG_WARN_INT_CONVERSION = YES;
				CLANG_WARN__DUPLICATE_METHOD_MATCH = YES;
				COPY_PHASE_STRIP = NO;
				GCC_C_LANGUAGE_STANDARD = gnu99;
				GCC_DYNAMIC_NO_PIC = NO;
				GCC_OPTIMIZATION_LEVEL = 0;
				GCC_PREPROCESSOR_DEFINITIONS = (
					"DEBUG=1",
					"$(inherited)",
				);
				GCC_SYMBOLS_PRIVATE_EXTERN = NO;
				GCC_WARN_ABOUT_RETURN_TYPE = YES;
				GCC_WARN_UNINITIALIZED_AUTOS = YES;
				GCC_WARN_UNUSED_VARIABLE = YES;
				HEADER_SEARCH_PATHS = (
					"$(ARDUINO_APP)/**",
					"$(SKETCHBOOK_DIR)/libraries/**",
				);
				MACOSX_DEPLOYMENT_TARGET = 10.8;
				PATH = "$(PATH):$(PROJECT_DIR)";
				PRODUCT_NAME = "$(TARGET_NAME)";
				SKETCHBOOK_DIR = "";
				SKETCH_EXTENSION = ino;
			};
			name = Debug;
		};
		A0A7E7D0178F319800A1D5E1 /* Release */ = {
			isa = XCBuildConfiguration;
			baseConfigurationReference = A0A7E798178F319700A1D5E1 /* Arduino Uno.xcconfig */;
			buildSettings = {
				ALWAYS_SEARCH_USER_PATHS = NO;
				CLANG_CXX_LANGUAGE_STANDARD = "gnu++0x";
				CLANG_CXX_LIBRARY = "libc++";
				CLANG_WARN_CONSTANT_CONVERSION = YES;
				CLANG_WARN_EMPTY_BODY = YES;
				CLANG_WARN_ENUM_CONVERSION = YES;
				CLANG_WARN_INT_CONVERSION = YES;
				CLANG_WARN__DUPLICATE_METHOD_MATCH = YES;
				COPY_PHASE_STRIP = YES;
				GCC_C_LANGUAGE_STANDARD = gnu99;
				GCC_WARN_ABOUT_RETURN_TYPE = YES;
				GCC_WARN_UNINITIALIZED_AUTOS = YES;
				GCC_WARN_UNUSED_VARIABLE = YES;
				HEADER_SEARCH_PATHS = (
					"$(ARDUINO_APP)/**",
					"$(SKETCHBOOK_DIR)/libraries/**",
				);
				MACOSX_DEPLOYMENT_TARGET = 10.8;
				PATH = "$(PATH):$(PROJECT_DIR)";
				PRODUCT_NAME = "$(TARGET_NAME)";
				SKETCHBOOK_DIR = "";
				SKETCH_EXTENSION = ino;
			};
			name = Release;
		};
		A0A7E7D2178F319800A1D5E1 /* Debug */ = {
			isa = XCBuildConfiguration;
			buildSettings = {
				COMBINE_HIDPI_IMAGES = YES;
				PRODUCT_NAME = "$(TARGET_NAME)";
			};
			name = Debug;
		};
		A0A7E7D3178F319800A1D5E1 /* Release */ = {
			isa = XCBuildConfiguration;
			buildSettings = {
				COMBINE_HIDPI_IMAGES = YES;
				PRODUCT_NAME = "$(TARGET_NAME)";
			};
			name = Release;
		};
		A0A7E7D5178F319800A1D5E1 /* Debug */ = {
			isa = XCBuildConfiguration;
			buildSettings = {
				COMBINE_HIDPI_IMAGES = YES;
			};
			name = Debug;
		};
		A0A7E7D6178F319800A1D5E1 /* Release */ = {
			isa = XCBuildConfiguration;
			buildSettings = {
				COMBINE_HIDPI_IMAGES = YES;
			};
			name = Release;
		};
		A0A7E7D8178F319800A1D5E1 /* Debug */ = {
			isa = XCBuildConfiguration;
			buildSettings = {
				COMBINE_HIDPI_IMAGES = YES;
			};
			name = Debug;
		};
		A0A7E7D9178F319800A1D5E1 /* Release */ = {
			isa = XCBuildConfiguration;
			buildSettings = {
				COMBINE_HIDPI_IMAGES = YES;
			};
			name = Release;
		};
		A0A7E7DB178F319800A1D5E1 /* Debug */ = {
			isa = XCBuildConfiguration;
			buildSettings = {
				COMBINE_HIDPI_IMAGES = YES;
			};
			name = Debug;
		};
		A0A7E7DC178F319800A1D5E1 /* Release */ = {
			isa = XCBuildConfiguration;
			buildSettings = {
				COMBINE_HIDPI_IMAGES = YES;
			};
			name = Release;
		};
		A0A7E7DE178F319800A1D5E1 /* Debug */ = {
			isa = XCBuildConfiguration;
			buildSettings = {
				COMBINE_HIDPI_IMAGES = YES;
			};
			name = Debug;
		};
		A0A7E7DF178F319800A1D5E1 /* Release */ = {
			isa = XCBuildConfiguration;
			buildSettings = {
				COMBINE_HIDPI_IMAGES = YES;
			};
			name = Release;
		};
		A0A7E7E1178F319800A1D5E1 /* Debug */ = {
			isa = XCBuildConfiguration;
			buildSettings = {
				COMBINE_HIDPI_IMAGES = YES;
			};
			name = Debug;
		};
		A0A7E7E2178F319800A1D5E1 /* Release */ = {
			isa = XCBuildConfiguration;
			buildSettings = {
				COMBINE_HIDPI_IMAGES = YES;
			};
			name = Release;
		};
		A0A7E7E4178F319800A1D5E1 /* Debug */ = {
			isa = XCBuildConfiguration;
			buildSettings = {
				COMBINE_HIDPI_IMAGES = YES;
			};
			name = Debug;
		};
		A0A7E7E5178F319800A1D5E1 /* Release */ = {
			isa = XCBuildConfiguration;
			buildSettings = {
				COMBINE_HIDPI_IMAGES = YES;
			};
			name = Release;
		};
		A0A7E7E7178F319800A1D5E1 /* Debug */ = {
			isa = XCBuildConfiguration;
			buildSettings = {
				COMBINE_HIDPI_IMAGES = YES;
			};
			name = Debug;
		};
		A0A7E7E8178F319800A1D5E1 /* Release */ = {
			isa = XCBuildConfiguration;
			buildSettings = {
				COMBINE_HIDPI_IMAGES = YES;
			};
			name = Release;
		};
		A0A7E7EA178F319800A1D5E1 /* Debug */ = {
			isa = XCBuildConfiguration;
			buildSettings = {
				COMBINE_HIDPI_IMAGES = YES;
			};
			name = Debug;
		};
		A0A7E7EB178F319800A1D5E1 /* Release */ = {
			isa = XCBuildConfiguration;
			buildSettings = {
				COMBINE_HIDPI_IMAGES = YES;
			};
			name = Release;
		};
		A0A7E7ED178F319800A1D5E1 /* Debug */ = {
			isa = XCBuildConfiguration;
			buildSettings = {
				COMBINE_HIDPI_IMAGES = YES;
			};
			name = Debug;
		};
		A0A7E7EE178F319800A1D5E1 /* Release */ = {
			isa = XCBuildConfiguration;
			buildSettings = {
				COMBINE_HIDPI_IMAGES = YES;
			};
			name = Release;
		};
		A0A7E7F0178F319800A1D5E1 /* Debug */ = {
			isa = XCBuildConfiguration;
			buildSettings = {
			};
			name = Debug;
		};
		A0A7E7F1178F319800A1D5E1 /* Release */ = {
			isa = XCBuildConfiguration;
			buildSettings = {
			};
			name = Release;
		};
/* End XCBuildConfiguration section */

/* Begin XCConfigurationList section */
		A0A7E779178F319700A1D5E1 /* Build configuration list for PBXProject "mpguino_edu" */ = {
			isa = XCConfigurationList;
			buildConfigurations = (
				A0A7E7CF178F319800A1D5E1 /* Debug */,
				A0A7E7D0178F319800A1D5E1 /* Release */,
			);
			defaultConfigurationIsVisible = 0;
			defaultConfigurationName = Release;
		};
		A0A7E7D1178F319800A1D5E1 /* Build configuration list for PBXLegacyTarget "All" */ = {
			isa = XCConfigurationList;
			buildConfigurations = (
				A0A7E7D2178F319800A1D5E1 /* Debug */,
				A0A7E7D3178F319800A1D5E1 /* Release */,
			);
			defaultConfigurationIsVisible = 0;
		};
		A0A7E7D4178F319800A1D5E1 /* Build configuration list for PBXLegacyTarget "Build" */ = {
			isa = XCConfigurationList;
			buildConfigurations = (
				A0A7E7D5178F319800A1D5E1 /* Debug */,
				A0A7E7D6178F319800A1D5E1 /* Release */,
			);
			defaultConfigurationIsVisible = 0;
		};
		A0A7E7D7178F319800A1D5E1 /* Build configuration list for PBXLegacyTarget "Document" */ = {
			isa = XCConfigurationList;
			buildConfigurations = (
				A0A7E7D8178F319800A1D5E1 /* Debug */,
				A0A7E7D9178F319800A1D5E1 /* Release */,
			);
			defaultConfigurationIsVisible = 0;
		};
		A0A7E7DA178F319800A1D5E1 /* Build configuration list for PBXLegacyTarget "Distribute" */ = {
			isa = XCConfigurationList;
			buildConfigurations = (
				A0A7E7DB178F319800A1D5E1 /* Debug */,
				A0A7E7DC178F319800A1D5E1 /* Release */,
			);
			defaultConfigurationIsVisible = 0;
		};
		A0A7E7DD178F319800A1D5E1 /* Build configuration list for PBXLegacyTarget "Boards" */ = {
			isa = XCConfigurationList;
			buildConfigurations = (
				A0A7E7DE178F319800A1D5E1 /* Debug */,
				A0A7E7DF178F319800A1D5E1 /* Release */,
			);
			defaultConfigurationIsVisible = 0;
		};
		A0A7E7E0178F319800A1D5E1 /* Build configuration list for PBXLegacyTarget "Serial" */ = {
			isa = XCConfigurationList;
			buildConfigurations = (
				A0A7E7E1178F319800A1D5E1 /* Debug */,
				A0A7E7E2178F319800A1D5E1 /* Release */,
			);
			defaultConfigurationIsVisible = 0;
		};
		A0A7E7E3178F319800A1D5E1 /* Build configuration list for PBXLegacyTarget "Upload" */ = {
			isa = XCConfigurationList;
			buildConfigurations = (
				A0A7E7E4178F319800A1D5E1 /* Debug */,
				A0A7E7E5178F319800A1D5E1 /* Release */,
			);
			defaultConfigurationIsVisible = 0;
		};
		A0A7E7E6178F319800A1D5E1 /* Build configuration list for PBXLegacyTarget "Clean" */ = {
			isa = XCConfigurationList;
			buildConfigurations = (
				A0A7E7E7178F319800A1D5E1 /* Debug */,
				A0A7E7E8178F319800A1D5E1 /* Release */,
			);
			defaultConfigurationIsVisible = 0;
		};
		A0A7E7E9178F319800A1D5E1 /* Build configuration list for PBXLegacyTarget "Make" */ = {
			isa = XCConfigurationList;
			buildConfigurations = (
				A0A7E7EA178F319800A1D5E1 /* Debug */,
				A0A7E7EB178F319800A1D5E1 /* Release */,
			);
			defaultConfigurationIsVisible = 0;
		};
		A0A7E7EC178F319800A1D5E1 /* Build configuration list for PBXLegacyTarget "Fast" */ = {
			isa = XCConfigurationList;
			buildConfigurations = (
				A0A7E7ED178F319800A1D5E1 /* Debug */,
				A0A7E7EE178F319800A1D5E1 /* Release */,
			);
			defaultConfigurationIsVisible = 0;
		};
		A0A7E7EF178F319800A1D5E1 /* Build configuration list for PBXNativeTarget "Index" */ = {
			isa = XCConfigurationList;
			buildConfigurations = (
				A0A7E7F0178F319800A1D5E1 /* Debug */,
				A0A7E7F1178F319800A1D5E1 /* Release */,
			);
			defaultConfigurationIsVisible = 0;
		};
/* End XCConfigurationList section */
	};
	rootObject = A0A7E776178F319700A1D5E1 /* Project object */;
}
